
Microsoft Visual Studio Solution File, Format Version 12.00
# Visual Studio Version 16
VisualStudioVersion = 16.0.31624.102
MinimumVisualStudioVersion = 10.0.40219.1
Project("{FAE04EC0-301F-11D3-BF4B-00C04F79EFBC}") = "Componentes para diseño winforms", "Componentes para diseño winforms.csproj", "{9B01C372-4E07-433E-A9BF-647CED05884C}"
EndProject
Global
	GlobalSection(SolutionConfigurationPlatforms) = preSolution
		Debug|Any CPU = Debug|Any CPU
		Release|Any CPU = Release|Any CPU
	EndGlobalSection
	GlobalSection(ProjectConfigurationPlatforms) = postSolution
		{9B01C372-4E07-433E-A9BF-647CED05884C}.Debug|Any CPU.ActiveCfg = Debug|Any CPU
		{9B01C372-4E07-433E-A9BF-647CED05884C}.Debug|Any CPU.Build.0 = Debug|Any CPU
		{9B01C372-4E07-433E-A9BF-647CED05884C}.Release|Any CPU.ActiveCfg = Release|Any CPU
		{9B01C372-4E07-433E-A9BF-647CED05884C}.Release|Any CPU.Build.0 = Release|Any CPU
	EndGlobalSection
	GlobalSection(SolutionProperties) = preSolution
		HideSolutionNode = FALSE
	EndGlobalSection
	GlobalSection(ExtensibilityGlobals) = postSolution
		SolutionGuid = {1075B62C-995A-46CA-902B-86D33D77B26C}
	EndGlobalSection
EndGlobal
